
Microsoft Visual Studio Solution File, Format Version 12.00
# Visual Studio 15
VisualStudioVersion = 15.0.28307.421
MinimumVisualStudioVersion = 10.0.40219.1
Project("{FAE04EC0-301F-11D3-BF4B-00C04F79EFBC}") = "www.exclusivepainters.co.nz", "www.exclusivepainters.co.nz\www.exclusivepainters.co.nz.csproj", "{43FB6E16-199F-478A-97B3-361A7498A54E}"
EndProject
Global
	GlobalSection(SolutionConfigurationPlatforms) = preSolution
		Debug|Any CPU = Debug|Any CPU
		Release|Any CPU = Release|Any CPU
	EndGlobalSection
	GlobalSection(ProjectConfigurationPlatforms) = postSolution
		{43FB6E16-199F-478A-97B3-361A7498A54E}.Debug|Any CPU.ActiveCfg = Debug|Any CPU
		{43FB6E16-199F-478A-97B3-361A7498A54E}.Debug|Any CPU.Build.0 = Debug|Any CPU
		{43FB6E16-199F-478A-97B3-361A7498A54E}.Release|Any CPU.ActiveCfg = Release|Any CPU
		{43FB6E16-199F-478A-97B3-361A7498A54E}.Release|Any CPU.Build.0 = Release|Any CPU
	EndGlobalSection
	GlobalSection(SolutionProperties) = preSolution
		HideSolutionNode = FALSE
	EndGlobalSection
	GlobalSection(ExtensibilityGlobals) = postSolution
		SolutionGuid = {75DDABE5-C0FF-41B3-AF73-B016E2406B8A}
	EndGlobalSection
EndGlobal
